// !$*UTF8*$!
{
	archiveVersion = 1;
	classes = {
	};
	objectVersion = 56;
	objects = {

/* Begin PBXBuildFile section */
		EAF71A8F2C6B389C00BD75EB /* FriendsFavoritesMoviesApp.swift in Sources */ = {isa = PBXBuildFile; fileRef = EAF71A8E2C6B389C00BD75EB /* FriendsFavoritesMoviesApp.swift */; };
		EAF71A912C6B389C00BD75EB /* MovieList.swift in Sources */ = {isa = PBXBuildFile; fileRef = EAF71A902C6B389C00BD75EB /* MovieList.swift */; };
		EAF71A932C6B389C00BD75EB /* Movie.swift in Sources */ = {isa = PBXBuildFile; fileRef = EAF71A922C6B389C00BD75EB /* Movie.swift */; };
		EAF71A952C6B389E00BD75EB /* Assets.xcassets in Resources */ = {isa = PBXBuildFile; fileRef = EAF71A942C6B389E00BD75EB /* Assets.xcassets */; };
		EAF71A992C6B389E00BD75EB /* Preview Assets.xcassets in Resources */ = {isa = PBXBuildFile; fileRef = EAF71A982C6B389E00BD75EB /* Preview Assets.xcassets */; };
		EAF71AA32C6B389E00BD75EB /* FriendsFavoritesMoviesTests.swift in Sources */ = {isa = PBXBuildFile; fileRef = EAF71AA22C6B389E00BD75EB /* FriendsFavoritesMoviesTests.swift */; };
		EAF71AAD2C6B389E00BD75EB /* FriendsFavoritesMoviesUITests.swift in Sources */ = {isa = PBXBuildFile; fileRef = EAF71AAC2C6B389E00BD75EB /* FriendsFavoritesMoviesUITests.swift */; };
		EAF71AAF2C6B389E00BD75EB /* FriendsFavoritesMoviesUITestsLaunchTests.swift in Sources */ = {isa = PBXBuildFile; fileRef = EAF71AAE2C6B389E00BD75EB /* FriendsFavoritesMoviesUITestsLaunchTests.swift */; };
		EAF71ABC2C6B3C5400BD75EB /* SampleData.swift in Sources */ = {isa = PBXBuildFile; fileRef = EAF71ABB2C6B3C5400BD75EB /* SampleData.swift */; };
		EAF71ABE2C6B416C00BD75EB /* MovieDetail.swift in Sources */ = {isa = PBXBuildFile; fileRef = EAF71ABD2C6B416C00BD75EB /* MovieDetail.swift */; };
		EAF71AC02C6B511100BD75EB /* Friend.swift in Sources */ = {isa = PBXBuildFile; fileRef = EAF71ABF2C6B511100BD75EB /* Friend.swift */; };
		EAF71AC22C6B53BA00BD75EB /* FriendList.swift in Sources */ = {isa = PBXBuildFile; fileRef = EAF71AC12C6B53BA00BD75EB /* FriendList.swift */; };
		EAF71AC42C6B599E00BD75EB /* FriendDetail.swift in Sources */ = {isa = PBXBuildFile; fileRef = EAF71AC32C6B599E00BD75EB /* FriendDetail.swift */; };
		EAF71AC62C6B633B00BD75EB /* ContentView.swift in Sources */ = {isa = PBXBuildFile; fileRef = EAF71AC52C6B633B00BD75EB /* ContentView.swift */; };
		EAF71AC82C6C4BD600BD75EB /* FilteredMovieList.swift in Sources */ = {isa = PBXBuildFile; fileRef = EAF71AC72C6C4BD600BD75EB /* FilteredMovieList.swift */; };
/* End PBXBuildFile section */

/* Begin PBXContainerItemProxy section */
		EAF71A9F2C6B389E00BD75EB /* PBXContainerItemProxy */ = {
			isa = PBXContainerItemProxy;
			containerPortal = EAF71A832C6B389C00BD75EB /* Project object */;
			proxyType = 1;
			remoteGlobalIDString = EAF71A8A2C6B389C00BD75EB;
			remoteInfo = FriendsFavoritesMovies;
		};
		EAF71AA92C6B389E00BD75EB /* PBXContainerItemProxy */ = {
			isa = PBXContainerItemProxy;
			containerPortal = EAF71A832C6B389C00BD75EB /* Project object */;
			proxyType = 1;
			remoteGlobalIDString = EAF71A8A2C6B389C00BD75EB;
			remoteInfo = FriendsFavoritesMovies;
		};
/* End PBXContainerItemProxy section */

/* Begin PBXFileReference section */
		EAF71A8B2C6B389C00BD75EB /* FriendsFavoritesMovies.app */ = {isa = PBXFileReference; explicitFileType = wrapper.application; includeInIndex = 0; path = FriendsFavoritesMovies.app; sourceTree = BUILT_PRODUCTS_DIR; };
		EAF71A8E2C6B389C00BD75EB /* FriendsFavoritesMoviesApp.swift */ = {isa = PBXFileReference; lastKnownFileType = sourcecode.swift; path = FriendsFavoritesMoviesApp.swift; sourceTree = "<group>"; };
		EAF71A902C6B389C00BD75EB /* MovieList.swift */ = {isa = PBXFileReference; lastKnownFileType = sourcecode.swift; path = MovieList.swift; sourceTree = "<group>"; };
		EAF71A922C6B389C00BD75EB /* Movie.swift */ = {isa = PBXFileReference; lastKnownFileType = sourcecode.swift; path = Movie.swift; sourceTree = "<group>"; };
		EAF71A942C6B389E00BD75EB /* Assets.xcassets */ = {isa = PBXFileReference; lastKnownFileType = folder.assetcatalog; path = Assets.xcassets; sourceTree = "<group>"; };
		EAF71A962C6B389E00BD75EB /* FriendsFavoritesMovies.entitlements */ = {isa = PBXFileReference; lastKnownFileType = text.plist.entitlements; path = FriendsFavoritesMovies.entitlements; sourceTree = "<group>"; };
		EAF71A982C6B389E00BD75EB /* Preview Assets.xcassets */ = {isa = PBXFileReference; lastKnownFileType = folder.assetcatalog; path = "Preview Assets.xcassets"; sourceTree = "<group>"; };
		EAF71A9E2C6B389E00BD75EB /* FriendsFavoritesMoviesTests.xctest */ = {isa = PBXFileReference; explicitFileType = wrapper.cfbundle; includeInIndex = 0; path = FriendsFavoritesMoviesTests.xctest; sourceTree = BUILT_PRODUCTS_DIR; };
		EAF71AA22C6B389E00BD75EB /* FriendsFavoritesMoviesTests.swift */ = {isa = PBXFileReference; lastKnownFileType = sourcecode.swift; path = FriendsFavoritesMoviesTests.swift; sourceTree = "<group>"; };
		EAF71AA82C6B389E00BD75EB /* FriendsFavoritesMoviesUITests.xctest */ = {isa = PBXFileReference; explicitFileType = wrapper.cfbundle; includeInIndex = 0; path = FriendsFavoritesMoviesUITests.xctest; sourceTree = BUILT_PRODUCTS_DIR; };
		EAF71AAC2C6B389E00BD75EB /* FriendsFavoritesMoviesUITests.swift */ = {isa = PBXFileReference; lastKnownFileType = sourcecode.swift; path = FriendsFavoritesMoviesUITests.swift; sourceTree = "<group>"; };
		EAF71AAE2C6B389E00BD75EB /* FriendsFavoritesMoviesUITestsLaunchTests.swift */ = {isa = PBXFileReference; lastKnownFileType = sourcecode.swift; path = FriendsFavoritesMoviesUITestsLaunchTests.swift; sourceTree = "<group>"; };
		EAF71ABB2C6B3C5400BD75EB /* SampleData.swift */ = {isa = PBXFileReference; lastKnownFileType = sourcecode.swift; path = SampleData.swift; sourceTree = "<group>"; };
		EAF71ABD2C6B416C00BD75EB /* MovieDetail.swift */ = {isa = PBXFileReference; lastKnownFileType = sourcecode.swift; path = MovieDetail.swift; sourceTree = "<group>"; };
		EAF71ABF2C6B511100BD75EB /* Friend.swift */ = {isa = PBXFileReference; lastKnownFileType = sourcecode.swift; path = Friend.swift; sourceTree = "<group>"; };
		EAF71AC12C6B53BA00BD75EB /* FriendList.swift */ = {isa = PBXFileReference; lastKnownFileType = sourcecode.swift; path = FriendList.swift; sourceTree = "<group>"; };
		EAF71AC32C6B599E00BD75EB /* FriendDetail.swift */ = {isa = PBXFileReference; lastKnownFileType = sourcecode.swift; path = FriendDetail.swift; sourceTree = "<group>"; };
		EAF71AC52C6B633B00BD75EB /* ContentView.swift */ = {isa = PBXFileReference; lastKnownFileType = sourcecode.swift; path = ContentView.swift; sourceTree = "<group>"; };
		EAF71AC72C6C4BD600BD75EB /* FilteredMovieList.swift */ = {isa = PBXFileReference; lastKnownFileType = sourcecode.swift; path = FilteredMovieList.swift; sourceTree = "<group>"; };
/* End PBXFileReference section */

/* Begin PBXFrameworksBuildPhase section */
		EAF71A882C6B389C00BD75EB /* Frameworks */ = {
			isa = PBXFrameworksBuildPhase;
			buildActionMask = 2147483647;
			files = (
			);
			runOnlyForDeploymentPostprocessing = 0;
		};
		EAF71A9B2C6B389E00BD75EB /* Frameworks */ = {
			isa = PBXFrameworksBuildPhase;
			buildActionMask = 2147483647;
			files = (
			);
			runOnlyForDeploymentPostprocessing = 0;
		};
		EAF71AA52C6B389E00BD75EB /* Frameworks */ = {
			isa = PBXFrameworksBuildPhase;
			buildActionMask = 2147483647;
			files = (
			);
			runOnlyForDeploymentPostprocessing = 0;
		};
/* End PBXFrameworksBuildPhase section */

/* Begin PBXGroup section */
		EAF71A822C6B389C00BD75EB = {
			isa = PBXGroup;
			children = (
				EAF71A8D2C6B389C00BD75EB /* FriendsFavoritesMovies */,
				EAF71AA12C6B389E00BD75EB /* FriendsFavoritesMoviesTests */,
				EAF71AAB2C6B389E00BD75EB /* FriendsFavoritesMoviesUITests */,
				EAF71A8C2C6B389C00BD75EB /* Products */,
			);
			sourceTree = "<group>";
		};
		EAF71A8C2C6B389C00BD75EB /* Products */ = {
			isa = PBXGroup;
			children = (
				EAF71A8B2C6B389C00BD75EB /* FriendsFavoritesMovies.app */,
				EAF71A9E2C6B389E00BD75EB /* FriendsFavoritesMoviesTests.xctest */,
				EAF71AA82C6B389E00BD75EB /* FriendsFavoritesMoviesUITests.xctest */,
			);
			name = Products;
			sourceTree = "<group>";
		};
		EAF71A8D2C6B389C00BD75EB /* FriendsFavoritesMovies */ = {
			isa = PBXGroup;
			children = (
				EAF71A8E2C6B389C00BD75EB /* FriendsFavoritesMoviesApp.swift */,
				EAF71ABD2C6B416C00BD75EB /* MovieDetail.swift */,
				EAF71A902C6B389C00BD75EB /* MovieList.swift */,
				EAF71AC72C6C4BD600BD75EB /* FilteredMovieList.swift */,
				EAF71AC52C6B633B00BD75EB /* ContentView.swift */,
				EAF71ABB2C6B3C5400BD75EB /* SampleData.swift */,
				EAF71AC12C6B53BA00BD75EB /* FriendList.swift */,
				EAF71AC32C6B599E00BD75EB /* FriendDetail.swift */,
				EAF71A922C6B389C00BD75EB /* Movie.swift */,
				EAF71ABF2C6B511100BD75EB /* Friend.swift */,
				EAF71A942C6B389E00BD75EB /* Assets.xcassets */,
				EAF71A962C6B389E00BD75EB /* FriendsFavoritesMovies.entitlements */,
				EAF71A972C6B389E00BD75EB /* Preview Content */,
			);
			path = FriendsFavoritesMovies;
			sourceTree = "<group>";
		};
		EAF71A972C6B389E00BD75EB /* Preview Content */ = {
			isa = PBXGroup;
			children = (
				EAF71A982C6B389E00BD75EB /* Preview Assets.xcassets */,
			);
			path = "Preview Content";
			sourceTree = "<group>";
		};
		EAF71AA12C6B389E00BD75EB /* FriendsFavoritesMoviesTests */ = {
			isa = PBXGroup;
			children = (
				EAF71AA22C6B389E00BD75EB /* FriendsFavoritesMoviesTests.swift */,
			);
			path = FriendsFavoritesMoviesTests;
			sourceTree = "<group>";
		};
		EAF71AAB2C6B389E00BD75EB /* FriendsFavoritesMoviesUITests */ = {
			isa = PBXGroup;
			children = (
				EAF71AAC2C6B389E00BD75EB /* FriendsFavoritesMoviesUITests.swift */,
				EAF71AAE2C6B389E00BD75EB /* FriendsFavoritesMoviesUITestsLaunchTests.swift */,
			);
			path = FriendsFavoritesMoviesUITests;
			sourceTree = "<group>";
		};
/* End PBXGroup section */

/* Begin PBXNativeTarget section */
		EAF71A8A2C6B389C00BD75EB /* FriendsFavoritesMovies */ = {
			isa = PBXNativeTarget;
			buildConfigurationList = EAF71AB22C6B389E00BD75EB /* Build configuration list for PBXNativeTarget "FriendsFavoritesMovies" */;
			buildPhases = (
				EAF71A872C6B389C00BD75EB /* Sources */,
				EAF71A882C6B389C00BD75EB /* Frameworks */,
				EAF71A892C6B389C00BD75EB /* Resources */,
			);
			buildRules = (
			);
			dependencies = (
			);
			name = FriendsFavoritesMovies;
			productName = FriendsFavoritesMovies;
			productReference = EAF71A8B2C6B389C00BD75EB /* FriendsFavoritesMovies.app */;
			productType = "com.apple.product-type.application";
		};
		EAF71A9D2C6B389E00BD75EB /* FriendsFavoritesMoviesTests */ = {
			isa = PBXNativeTarget;
			buildConfigurationList = EAF71AB52C6B389E00BD75EB /* Build configuration list for PBXNativeTarget "FriendsFavoritesMoviesTests" */;
			buildPhases = (
				EAF71A9A2C6B389E00BD75EB /* Sources */,
				EAF71A9B2C6B389E00BD75EB /* Frameworks */,
				EAF71A9C2C6B389E00BD75EB /* Resources */,
			);
			buildRules = (
			);
			dependencies = (
				EAF71AA02C6B389E00BD75EB /* PBXTargetDependency */,
			);
			name = FriendsFavoritesMoviesTests;
			productName = FriendsFavoritesMoviesTests;
			productReference = EAF71A9E2C6B389E00BD75EB /* FriendsFavoritesMoviesTests.xctest */;
			productType = "com.apple.product-type.bundle.unit-test";
		};
		EAF71AA72C6B389E00BD75EB /* FriendsFavoritesMoviesUITests */ = {
			isa = PBXNativeTarget;
			buildConfigurationList = EAF71AB82C6B389E00BD75EB /* Build configuration list for PBXNativeTarget "FriendsFavoritesMoviesUITests" */;
			buildPhases = (
				EAF71AA42C6B389E00BD75EB /* Sources */,
				EAF71AA52C6B389E00BD75EB /* Frameworks */,
				EAF71AA62C6B389E00BD75EB /* Resources */,
			);
			buildRules = (
			);
			dependencies = (
				EAF71AAA2C6B389E00BD75EB /* PBXTargetDependency */,
			);
			name = FriendsFavoritesMoviesUITests;
			productName = FriendsFavoritesMoviesUITests;
			productReference = EAF71AA82C6B389E00BD75EB /* FriendsFavoritesMoviesUITests.xctest */;
			productType = "com.apple.product-type.bundle.ui-testing";
		};
/* End PBXNativeTarget section */

/* Begin PBXProject section */
		EAF71A832C6B389C00BD75EB /* Project object */ = {
			isa = PBXProject;
			attributes = {
				BuildIndependentTargetsInParallel = 1;
				LastSwiftUpdateCheck = 1500;
				LastUpgradeCheck = 1500;
				TargetAttributes = {
					EAF71A8A2C6B389C00BD75EB = {
						CreatedOnToolsVersion = 15.0.1;
					};
					EAF71A9D2C6B389E00BD75EB = {
						CreatedOnToolsVersion = 15.0.1;
						TestTargetID = EAF71A8A2C6B389C00BD75EB;
					};
					EAF71AA72C6B389E00BD75EB = {
						CreatedOnToolsVersion = 15.0.1;
						TestTargetID = EAF71A8A2C6B389C00BD75EB;
					};
				};
			};
			buildConfigurationList = EAF71A862C6B389C00BD75EB /* Build configuration list for PBXProject "FriendsFavoritesMovies" */;
			compatibilityVersion = "Xcode 14.0";
			developmentRegion = en;
			hasScannedForEncodings = 0;
			knownRegions = (
				en,
				Base,
			);
			mainGroup = EAF71A822C6B389C00BD75EB;
			productRefGroup = EAF71A8C2C6B389C00BD75EB /* Products */;
			projectDirPath = "";
			projectRoot = "";
			targets = (
				EAF71A8A2C6B389C00BD75EB /* FriendsFavoritesMovies */,
				EAF71A9D2C6B389E00BD75EB /* FriendsFavoritesMoviesTests */,
				EAF71AA72C6B389E00BD75EB /* FriendsFavoritesMoviesUITests */,
			);
		};
/* End PBXProject section */

/* Begin PBXResourcesBuildPhase section */
		EAF71A892C6B389C00BD75EB /* Resources */ = {
			isa = PBXResourcesBuildPhase;
			buildActionMask = 2147483647;
			files = (
				EAF71A992C6B389E00BD75EB /* Preview Assets.xcassets in Resources */,
				EAF71A952C6B389E00BD75EB /* Assets.xcassets in Resources */,
			);
			runOnlyForDeploymentPostprocessing = 0;
		};
		EAF71A9C2C6B389E00BD75EB /* Resources */ = {
			isa = PBXResourcesBuildPhase;
			buildActionMask = 2147483647;
			files = (
			);
			runOnlyForDeploymentPostprocessing = 0;
		};
		EAF71AA62C6B389E00BD75EB /* Resources */ = {
			isa = PBXResourcesBuildPhase;
			buildActionMask = 2147483647;
			files = (
			);
			runOnlyForDeploymentPostprocessing = 0;
		};
/* End PBXResourcesBuildPhase section */

/* Begin PBXSourcesBuildPhase section */
		EAF71A872C6B389C00BD75EB /* Sources */ = {
			isa = PBXSourcesBuildPhase;
			buildActionMask = 2147483647;
			files = (
				EAF71AC42C6B599E00BD75EB /* FriendDetail.swift in Sources */,
				EAF71A912C6B389C00BD75EB /* MovieList.swift in Sources */,
				EAF71A932C6B389C00BD75EB /* Movie.swift in Sources */,
				EAF71ABE2C6B416C00BD75EB /* MovieDetail.swift in Sources */,
				EAF71AC22C6B53BA00BD75EB /* FriendList.swift in Sources */,
				EAF71AC62C6B633B00BD75EB /* ContentView.swift in Sources */,
				EAF71AC02C6B511100BD75EB /* Friend.swift in Sources */,
				EAF71AC82C6C4BD600BD75EB /* FilteredMovieList.swift in Sources */,
				EAF71A8F2C6B389C00BD75EB /* FriendsFavoritesMoviesApp.swift in Sources */,
				EAF71ABC2C6B3C5400BD75EB /* SampleData.swift in Sources */,
			);
			runOnlyForDeploymentPostprocessing = 0;
		};
		EAF71A9A2C6B389E00BD75EB /* Sources */ = {
			isa = PBXSourcesBuildPhase;
			buildActionMask = 2147483647;
			files = (
				EAF71AA32C6B389E00BD75EB /* FriendsFavoritesMoviesTests.swift in Sources */,
			);
			runOnlyForDeploymentPostprocessing = 0;
		};
		EAF71AA42C6B389E00BD75EB /* Sources */ = {
			isa = PBXSourcesBuildPhase;
			buildActionMask = 2147483647;
			files = (
				EAF71AAD2C6B389E00BD75EB /* FriendsFavoritesMoviesUITests.swift in Sources */,
				EAF71AAF2C6B389E00BD75EB /* FriendsFavoritesMoviesUITestsLaunchTests.swift in Sources */,
			);
			runOnlyForDeploymentPostprocessing = 0;
		};
/* End PBXSourcesBuildPhase section */

/* Begin PBXTargetDependency section */
		EAF71AA02C6B389E00BD75EB /* PBXTargetDependency */ = {
			isa = PBXTargetDependency;
			target = EAF71A8A2C6B389C00BD75EB /* FriendsFavoritesMovies */;
			targetProxy = EAF71A9F2C6B389E00BD75EB /* PBXContainerItemProxy */;
		};
		EAF71AAA2C6B389E00BD75EB /* PBXTargetDependency */ = {
			isa = PBXTargetDependency;
			target = EAF71A8A2C6B389C00BD75EB /* FriendsFavoritesMovies */;
			targetProxy = EAF71AA92C6B389E00BD75EB /* PBXContainerItemProxy */;
		};
/* End PBXTargetDependency section */

/* Begin XCBuildConfiguration section */
		EAF71AB02C6B389E00BD75EB /* Debug */ = {
			isa = XCBuildConfiguration;
			buildSettings = {
				ALWAYS_SEARCH_USER_PATHS = NO;
				ASSETCATALOG_COMPILER_GENERATE_SWIFT_ASSET_SYMBOL_EXTENSIONS = YES;
				CLANG_ANALYZER_NONNULL = YES;
				CLANG_ANALYZER_NUMBER_OBJECT_CONVERSION = YES_AGGRESSIVE;
				CLANG_CXX_LANGUAGE_STANDARD = "gnu++20";
				CLANG_ENABLE_MODULES = YES;
				CLANG_ENABLE_OBJC_ARC = YES;
				CLANG_ENABLE_OBJC_WEAK = YES;
				CLANG_WARN_BLOCK_CAPTURE_AUTORELEASING = YES;
				CLANG_WARN_BOOL_CONVERSION = YES;
				CLANG_WARN_COMMA = YES;
				CLANG_WARN_CONSTANT_CONVERSION = YES;
				CLANG_WARN_DEPRECATED_OBJC_IMPLEMENTATIONS = YES;
				CLANG_WARN_DIRECT_OBJC_ISA_USAGE = YES_ERROR;
				CLANG_WARN_DOCUMENTATION_COMMENTS = YES;
				CLANG_WARN_EMPTY_BODY = YES;
				CLANG_WARN_ENUM_CONVERSION = YES;
				CLANG_WARN_INFINITE_RECURSION = YES;
				CLANG_WARN_INT_CONVERSION = YES;
				CLANG_WARN_NON_LITERAL_NULL_CONVERSION = YES;
				CLANG_WARN_OBJC_IMPLICIT_RETAIN_SELF = YES;
				CLANG_WARN_OBJC_LITERAL_CONVERSION = YES;
				CLANG_WARN_OBJC_ROOT_CLASS = YES_ERROR;
				CLANG_WARN_QUOTED_INCLUDE_IN_FRAMEWORK_HEADER = YES;
				CLANG_WARN_RANGE_LOOP_ANALYSIS = YES;
				CLANG_WARN_STRICT_PROTOTYPES = YES;
				CLANG_WARN_SUSPICIOUS_MOVE = YES;
				CLANG_WARN_UNGUARDED_AVAILABILITY = YES_AGGRESSIVE;
				CLANG_WARN_UNREACHABLE_CODE = YES;
				CLANG_WARN__DUPLICATE_METHOD_MATCH = YES;
				COPY_PHASE_STRIP = NO;
				DEBUG_INFORMATION_FORMAT = dwarf;
				ENABLE_STRICT_OBJC_MSGSEND = YES;
				ENABLE_TESTABILITY = YES;
				ENABLE_USER_SCRIPT_SANDBOXING = YES;
				GCC_C_LANGUAGE_STANDARD = gnu17;
				GCC_DYNAMIC_NO_PIC = NO;
				GCC_NO_COMMON_BLOCKS = YES;
				GCC_OPTIMIZATION_LEVEL = 0;
				GCC_PREPROCESSOR_DEFINITIONS = (
					"DEBUG=1",
					"$(inherited)",
				);
				GCC_WARN_64_TO_32_BIT_CONVERSION = YES;
				GCC_WARN_ABOUT_RETURN_TYPE = YES_ERROR;
				GCC_WARN_UNDECLARED_SELECTOR = YES;
				GCC_WARN_UNINITIALIZED_AUTOS = YES_AGGRESSIVE;
				GCC_WARN_UNUSED_FUNCTION = YES;
				GCC_WARN_UNUSED_VARIABLE = YES;
				LOCALIZATION_PREFERS_STRING_CATALOGS = YES;
				MTL_ENABLE_DEBUG_INFO = INCLUDE_SOURCE;
				MTL_FAST_MATH = YES;
				ONLY_ACTIVE_ARCH = YES;
				SWIFT_ACTIVE_COMPILATION_CONDITIONS = "DEBUG $(inherited)";
				SWIFT_OPTIMIZATION_LEVEL = "-Onone";
			};
			name = Debug;
		};
		EAF71AB12C6B389E00BD75EB /* Release */ = {
			isa = XCBuildConfiguration;
			buildSettings = {
				ALWAYS_SEARCH_USER_PATHS = NO;
				ASSETCATALOG_COMPILER_GENERATE_SWIFT_ASSET_SYMBOL_EXTENSIONS = YES;
				CLANG_ANALYZER_NONNULL = YES;
				CLANG_ANALYZER_NUMBER_OBJECT_CONVERSION = YES_AGGRESSIVE;
				CLANG_CXX_LANGUAGE_STANDARD = "gnu++20";
				CLANG_ENABLE_MODULES = YES;
				CLANG_ENABLE_OBJC_ARC = YES;
				CLANG_ENABLE_OBJC_WEAK = YES;
				CLANG_WARN_BLOCK_CAPTURE_AUTORELEASING = YES;
				CLANG_WARN_BOOL_CONVERSION = YES;
				CLANG_WARN_COMMA = YES;
				CLANG_WARN_CONSTANT_CONVERSION = YES;
				CLANG_WARN_DEPRECATED_OBJC_IMPLEMENTATIONS = YES;
				CLANG_WARN_DIRECT_OBJC_ISA_USAGE = YES_ERROR;
				CLANG_WARN_DOCUMENTATION_COMMENTS = YES;
				CLANG_WARN_EMPTY_BODY = YES;
				CLANG_WARN_ENUM_CONVERSION = YES;
				CLANG_WARN_INFINITE_RECURSION = YES;
				CLANG_WARN_INT_CONVERSION = YES;
				CLANG_WARN_NON_LITERAL_NULL_CONVERSION = YES;
				CLANG_WARN_OBJC_IMPLICIT_RETAIN_SELF = YES;
				CLANG_WARN_OBJC_LITERAL_CONVERSION = YES;
				CLANG_WARN_OBJC_ROOT_CLASS = YES_ERROR;
				CLANG_WARN_QUOTED_INCLUDE_IN_FRAMEWORK_HEADER = YES;
				CLANG_WARN_RANGE_LOOP_ANALYSIS = YES;
				CLANG_WARN_STRICT_PROTOTYPES = YES;
				CLANG_WARN_SUSPICIOUS_MOVE = YES;
				CLANG_WARN_UNGUARDED_AVAILABILITY = YES_AGGRESSIVE;
				CLANG_WARN_UNREACHABLE_CODE = YES;
				CLANG_WARN__DUPLICATE_METHOD_MATCH = YES;
				COPY_PHASE_STRIP = NO;
				DEBUG_INFORMATION_FORMAT = "dwarf-with-dsym";
				ENABLE_NS_ASSERTIONS = NO;
				ENABLE_STRICT_OBJC_MSGSEND = YES;
				ENABLE_USER_SCRIPT_SANDBOXING = YES;
				GCC_C_LANGUAGE_STANDARD = gnu17;
				GCC_NO_COMMON_BLOCKS = YES;
				GCC_WARN_64_TO_32_BIT_CONVERSION = YES;
				GCC_WARN_ABOUT_RETURN_TYPE = YES_ERROR;
				GCC_WARN_UNDECLARED_SELECTOR = YES;
				GCC_WARN_UNINITIALIZED_AUTOS = YES_AGGRESSIVE;
				GCC_WARN_UNUSED_FUNCTION = YES;
				GCC_WARN_UNUSED_VARIABLE = YES;
				LOCALIZATION_PREFERS_STRING_CATALOGS = YES;
				MTL_ENABLE_DEBUG_INFO = NO;
				MTL_FAST_MATH = YES;
				SWIFT_COMPILATION_MODE = wholemodule;
			};
			name = Release;
		};
		EAF71AB32C6B389E00BD75EB /* Debug */ = {
			isa = XCBuildConfiguration;
			buildSettings = {
				ASSETCATALOG_COMPILER_APPICON_NAME = AppIcon;
				ASSETCATALOG_COMPILER_GLOBAL_ACCENT_COLOR_NAME = AccentColor;
				CODE_SIGN_ENTITLEMENTS = FriendsFavoritesMovies/FriendsFavoritesMovies.entitlements;
				CODE_SIGN_STYLE = Automatic;
				CURRENT_PROJECT_VERSION = 1;
				DEVELOPMENT_ASSET_PATHS = "\"FriendsFavoritesMovies/Preview Content\"";
				ENABLE_PREVIEWS = YES;
				GENERATE_INFOPLIST_FILE = YES;
				"INFOPLIST_KEY_UIApplicationSceneManifest_Generation[sdk=iphoneos*]" = YES;
				"INFOPLIST_KEY_UIApplicationSceneManifest_Generation[sdk=iphonesimulator*]" = YES;
				"INFOPLIST_KEY_UIApplicationSupportsIndirectInputEvents[sdk=iphoneos*]" = YES;
				"INFOPLIST_KEY_UIApplicationSupportsIndirectInputEvents[sdk=iphonesimulator*]" = YES;
				"INFOPLIST_KEY_UILaunchScreen_Generation[sdk=iphoneos*]" = YES;
				"INFOPLIST_KEY_UILaunchScreen_Generation[sdk=iphonesimulator*]" = YES;
				"INFOPLIST_KEY_UIStatusBarStyle[sdk=iphoneos*]" = UIStatusBarStyleDefault;
				"INFOPLIST_KEY_UIStatusBarStyle[sdk=iphonesimulator*]" = UIStatusBarStyleDefault;
				INFOPLIST_KEY_UISupportedInterfaceOrientations_iPad = "UIInterfaceOrientationPortrait UIInterfaceOrientationPortraitUpsideDown UIInterfaceOrientationLandscapeLeft UIInterfaceOrientationLandscapeRight";
				INFOPLIST_KEY_UISupportedInterfaceOrientations_iPhone = "UIInterfaceOrientationPortrait UIInterfaceOrientationLandscapeLeft UIInterfaceOrientationLandscapeRight";
				IPHONEOS_DEPLOYMENT_TARGET = 17.0;
				LD_RUNPATH_SEARCH_PATHS = "@executable_path/Frameworks";
				"LD_RUNPATH_SEARCH_PATHS[sdk=macosx*]" = "@executable_path/../Frameworks";
				MACOSX_DEPLOYMENT_TARGET = 14.0;
				MARKETING_VERSION = 1.0;
				PRODUCT_BUNDLE_IDENTIFIER = handleryouth.app.FriendsFavoritesMovies;
				PRODUCT_NAME = "$(TARGET_NAME)";
				SDKROOT = auto;
				SUPPORTED_PLATFORMS = "iphoneos iphonesimulator macosx";
				SWIFT_EMIT_LOC_STRINGS = YES;
				SWIFT_VERSION = 5.0;
				TARGETED_DEVICE_FAMILY = "1,2";
			};
			name = Debug;
		};
		EAF71AB42C6B389E00BD75EB /* Release */ = {
			isa = XCBuildConfiguration;
			buildSettings = {
				ASSETCATALOG_COMPILER_APPICON_NAME = AppIcon;
				ASSETCATALOG_COMPILER_GLOBAL_ACCENT_COLOR_NAME = AccentColor;
				CODE_SIGN_ENTITLEMENTS = FriendsFavoritesMovies/FriendsFavoritesMovies.entitlements;
				CODE_SIGN_STYLE = Automatic;
				CURRENT_PROJECT_VERSION = 1;
				DEVELOPMENT_ASSET_PATHS = "\"FriendsFavoritesMovies/Preview Content\"";
				ENABLE_PREVIEWS = YES;
				GENERATE_INFOPLIST_FILE = YES;
				"INFOPLIST_KEY_UIApplicationSceneManifest_Generation[sdk=iphoneos*]" = YES;
				"INFOPLIST_KEY_UIApplicationSceneManifest_Generation[sdk=iphonesimulator*]" = YES;
				"INFOPLIST_KEY_UIApplicationSupportsIndirectInputEvents[sdk=iphoneos*]" = YES;
				"INFOPLIST_KEY_UIApplicationSupportsIndirectInputEvents[sdk=iphonesimulator*]" = YES;
				"INFOPLIST_KEY_UILaunchScreen_Generation[sdk=iphoneos*]" = YES;
				"INFOPLIST_KEY_UILaunchScreen_Generation[sdk=iphonesimulator*]" = YES;
				"INFOPLIST_KEY_UIStatusBarStyle[sdk=iphoneos*]" = UIStatusBarStyleDefault;
				"INFOPLIST_KEY_UIStatusBarStyle[sdk=iphonesimulator*]" = UIStatusBarStyleDefault;
				INFOPLIST_KEY_UISupportedInterfaceOrientations_iPad = "UIInterfaceOrientationPortrait UIInterfaceOrientationPortraitUpsideDown UIInterfaceOrientationLandscapeLeft UIInterfaceOrientationLandscapeRight";
				INFOPLIST_KEY_UISupportedInterfaceOrientations_iPhone = "UIInterfaceOrientationPortrait UIInterfaceOrientationLandscapeLeft UIInterfaceOrientationLandscapeRight";
				IPHONEOS_DEPLOYMENT_TARGET = 17.0;
				LD_RUNPATH_SEARCH_PATHS = "@executable_path/Frameworks";
				"LD_RUNPATH_SEARCH_PATHS[sdk=macosx*]" = "@executable_path/../Frameworks";
				MACOSX_DEPLOYMENT_TARGET = 14.0;
				MARKETING_VERSION = 1.0;
				PRODUCT_BUNDLE_IDENTIFIER = handleryouth.app.FriendsFavoritesMovies;
				PRODUCT_NAME = "$(TARGET_NAME)";
				SDKROOT = auto;
				SUPPORTED_PLATFORMS = "iphoneos iphonesimulator macosx";
				SWIFT_EMIT_LOC_STRINGS = YES;
				SWIFT_VERSION = 5.0;
				TARGETED_DEVICE_FAMILY = "1,2";
			};
			name = Release;
		};
		EAF71AB62C6B389E00BD75EB /* Debug */ = {
			isa = XCBuildConfiguration;
			buildSettings = {
				ALWAYS_EMBED_SWIFT_STANDARD_LIBRARIES = YES;
				BUNDLE_LOADER = "$(TEST_HOST)";
				CODE_SIGN_STYLE = Automatic;
				CURRENT_PROJECT_VERSION = 1;
				GENERATE_INFOPLIST_FILE = YES;
				IPHONEOS_DEPLOYMENT_TARGET = 17.0;
				MACOSX_DEPLOYMENT_TARGET = 14.0;
				MARKETING_VERSION = 1.0;
				PRODUCT_BUNDLE_IDENTIFIER = handleryouth.app.FriendsFavoritesMoviesTests;
				PRODUCT_NAME = "$(TARGET_NAME)";
				SDKROOT = auto;
				SUPPORTED_PLATFORMS = "iphoneos iphonesimulator macosx";
				SWIFT_EMIT_LOC_STRINGS = NO;
				SWIFT_VERSION = 5.0;
				TARGETED_DEVICE_FAMILY = "1,2";
				TEST_HOST = "$(BUILT_PRODUCTS_DIR)/FriendsFavoritesMovies.app/$(BUNDLE_EXECUTABLE_FOLDER_PATH)/FriendsFavoritesMovies";
			};
			name = Debug;
		};
		EAF71AB72C6B389E00BD75EB /* Release */ = {
			isa = XCBuildConfiguration;
			buildSettings = {
				ALWAYS_EMBED_SWIFT_STANDARD_LIBRARIES = YES;
				BUNDLE_LOADER = "$(TEST_HOST)";
				CODE_SIGN_STYLE = Automatic;
				CURRENT_PROJECT_VERSION = 1;
				GENERATE_INFOPLIST_FILE = YES;
				IPHONEOS_DEPLOYMENT_TARGET = 17.0;
				MACOSX_DEPLOYMENT_TARGET = 14.0;
				MARKETING_VERSION = 1.0;
				PRODUCT_BUNDLE_IDENTIFIER = handleryouth.app.FriendsFavoritesMoviesTests;
				PRODUCT_NAME = "$(TARGET_NAME)";
				SDKROOT = auto;
				SUPPORTED_PLATFORMS = "iphoneos iphonesimulator macosx";
				SWIFT_EMIT_LOC_STRINGS = NO;
				SWIFT_VERSION = 5.0;
				TARGETED_DEVICE_FAMILY = "1,2";
				TEST_HOST = "$(BUILT_PRODUCTS_DIR)/FriendsFavoritesMovies.app/$(BUNDLE_EXECUTABLE_FOLDER_PATH)/FriendsFavoritesMovies";
			};
			name = Release;
		};
		EAF71AB92C6B389E00BD75EB /* Debug */ = {
			isa = XCBuildConfiguration;
			buildSettings = {
				ALWAYS_EMBED_SWIFT_STANDARD_LIBRARIES = YES;
				CODE_SIGN_STYLE = Automatic;
				CURRENT_PROJECT_VERSION = 1;
				GENERATE_INFOPLIST_FILE = YES;
				IPHONEOS_DEPLOYMENT_TARGET = 17.0;
				MACOSX_DEPLOYMENT_TARGET = 14.0;
				MARKETING_VERSION = 1.0;
				PRODUCT_BUNDLE_IDENTIFIER = handleryouth.app.FriendsFavoritesMoviesUITests;
				PRODUCT_NAME = "$(TARGET_NAME)";
				SDKROOT = auto;
				SUPPORTED_PLATFORMS = "iphoneos iphonesimulator macosx";
				SWIFT_EMIT_LOC_STRINGS = NO;
				SWIFT_VERSION = 5.0;
				TARGETED_DEVICE_FAMILY = "1,2";
				TEST_TARGET_NAME = FriendsFavoritesMovies;
			};
			name = Debug;
		};
		EAF71ABA2C6B389E00BD75EB /* Release */ = {
			isa = XCBuildConfiguration;
			buildSettings = {
				ALWAYS_EMBED_SWIFT_STANDARD_LIBRARIES = YES;
				CODE_SIGN_STYLE = Automatic;
				CURRENT_PROJECT_VERSION = 1;
				GENERATE_INFOPLIST_FILE = YES;
				IPHONEOS_DEPLOYMENT_TARGET = 17.0;
				MACOSX_DEPLOYMENT_TARGET = 14.0;
				MARKETING_VERSION = 1.0;
				PRODUCT_BUNDLE_IDENTIFIER = handleryouth.app.FriendsFavoritesMoviesUITests;
				PRODUCT_NAME = "$(TARGET_NAME)";
				SDKROOT = auto;
				SUPPORTED_PLATFORMS = "iphoneos iphonesimulator macosx";
				SWIFT_EMIT_LOC_STRINGS = NO;
				SWIFT_VERSION = 5.0;
				TARGETED_DEVICE_FAMILY = "1,2";
				TEST_TARGET_NAME = FriendsFavoritesMovies;
			};
			name = Release;
		};
/* End XCBuildConfiguration section */

/* Begin XCConfigurationList section */
		EAF71A862C6B389C00BD75EB /* Build configuration list for PBXProject "FriendsFavoritesMovies" */ = {
			isa = XCConfigurationList;
			buildConfigurations = (
				EAF71AB02C6B389E00BD75EB /* Debug */,
				EAF71AB12C6B389E00BD75EB /* Release */,
			);
			defaultConfigurationIsVisible = 0;
			defaultConfigurationName = Release;
		};
		EAF71AB22C6B389E00BD75EB /* Build configuration list for PBXNativeTarget "FriendsFavoritesMovies" */ = {
			isa = XCConfigurationList;
			buildConfigurations = (
				EAF71AB32C6B389E00BD75EB /* Debug */,
				EAF71AB42C6B389E00BD75EB /* Release */,
			);
			defaultConfigurationIsVisible = 0;
			defaultConfigurationName = Release;
		};
		EAF71AB52C6B389E00BD75EB /* Build configuration list for PBXNativeTarget "FriendsFavoritesMoviesTests" */ = {
			isa = XCConfigurationList;
			buildConfigurations = (
				EAF71AB62C6B389E00BD75EB /* Debug */,
				EAF71AB72C6B389E00BD75EB /* Release */,
			);
			defaultConfigurationIsVisible = 0;
			defaultConfigurationName = Release;
		};
		EAF71AB82C6B389E00BD75EB /* Build configuration list for PBXNativeTarget "FriendsFavoritesMoviesUITests" */ = {
			isa = XCConfigurationList;
			buildConfigurations = (
				EAF71AB92C6B389E00BD75EB /* Debug */,
				EAF71ABA2C6B389E00BD75EB /* Release */,
			);
			defaultConfigurationIsVisible = 0;
			defaultConfigurationName = Release;
		};
/* End XCConfigurationList section */
	};
	rootObject = EAF71A832C6B389C00BD75EB /* Project object */;
}
